
Microsoft Visual Studio Solution File, Format Version 11.00
# Visual C++ Express 2010
Project("{8BC9CEB8-8B4A-11D0-8D11-00A0C91BC942}") = "DatumJMBG", "DatumJMBG\DatumJMBG.vcxproj", "{0902C76D-CE71-41A0-8888-A1162080E425}"
EndProject
Project("{8BC9CEB8-8B4A-11D0-8D11-00A0C91BC942}") = "DvodimenzionalnoPolje", "DvodimenzionalnoPolje\DvodimenzionalnoPolje.vcxproj", "{CCECEEA3-FA76-473A-8FFC-EA3D5AD94DD2}"
EndProject
Global
	GlobalSection(SolutionConfigurationPlatforms) = preSolution
		Debug|Win32 = Debug|Win32
		Release|Win32 = Release|Win32
	EndGlobalSection
	GlobalSection(ProjectConfigurationPlatforms) = postSolution
		{0902C76D-CE71-41A0-8888-A1162080E425}.Debug|Win32.ActiveCfg = Debug|Win32
		{0902C76D-CE71-41A0-8888-A1162080E425}.Debug|Win32.Build.0 = Debug|Win32
		{0902C76D-CE71-41A0-8888-A1162080E425}.Release|Win32.ActiveCfg = Release|Win32
		{0902C76D-CE71-41A0-8888-A1162080E425}.Release|Win32.Build.0 = Release|Win32
		{CCECEEA3-FA76-473A-8FFC-EA3D5AD94DD2}.Debug|Win32.ActiveCfg = Debug|Win32
		{CCECEEA3-FA76-473A-8FFC-EA3D5AD94DD2}.Debug|Win32.Build.0 = Debug|Win32
		{CCECEEA3-FA76-473A-8FFC-EA3D5AD94DD2}.Release|Win32.ActiveCfg = Release|Win32
		{CCECEEA3-FA76-473A-8FFC-EA3D5AD94DD2}.Release|Win32.Build.0 = Release|Win32
	EndGlobalSection
	GlobalSection(SolutionProperties) = preSolution
		HideSolutionNode = FALSE
	EndGlobalSection
EndGlobal
